// !$*UTF8*$!
{
	archiveVersion = 1;
	classes = {
	};
	objectVersion = 46;
	objects = {

/* Begin PBXBuildFile section */
		DB151E031BD22C7B0046CB53 /* AppDelegate.swift in Sources */ = {isa = PBXBuildFile; fileRef = DB151E021BD22C7B0046CB53 /* AppDelegate.swift */; };
		DB151E051BD22C7B0046CB53 /* ViewController.swift in Sources */ = {isa = PBXBuildFile; fileRef = DB151E041BD22C7B0046CB53 /* ViewController.swift */; };
		DB151E081BD22C7B0046CB53 /* Main.storyboard in Resources */ = {isa = PBXBuildFile; fileRef = DB151E061BD22C7B0046CB53 /* Main.storyboard */; };
		DB151E0B1BD22C7B0046CB53 /* HSE_BI_Faculty.xcdatamodeld in Sources */ = {isa = PBXBuildFile; fileRef = DB151E091BD22C7B0046CB53 /* HSE_BI_Faculty.xcdatamodeld */; };
		DB151E0D1BD22C7B0046CB53 /* Assets.xcassets in Resources */ = {isa = PBXBuildFile; fileRef = DB151E0C1BD22C7B0046CB53 /* Assets.xcassets */; };
		DB151E101BD22C7B0046CB53 /* LaunchScreen.storyboard in Resources */ = {isa = PBXBuildFile; fileRef = DB151E0E1BD22C7B0046CB53 /* LaunchScreen.storyboard */; };
/* End PBXBuildFile section */

/* Begin PBXFileReference section */
		DB151DFF1BD22C7B0046CB53 /* HSE BI Faculty.app */ = {isa = PBXFileReference; explicitFileType = wrapper.application; includeInIndex = 0; path = "HSE BI Faculty.app"; sourceTree = BUILT_PRODUCTS_DIR; };
		DB151E021BD22C7B0046CB53 /* AppDelegate.swift */ = {isa = PBXFileReference; lastKnownFileType = sourcecode.swift; path = AppDelegate.swift; sourceTree = "<group>"; };
		DB151E041BD22C7B0046CB53 /* ViewController.swift */ = {isa = PBXFileReference; lastKnownFileType = sourcecode.swift; path = ViewController.swift; sourceTree = "<group>"; };
		DB151E071BD22C7B0046CB53 /* Base */ = {isa = PBXFileReference; lastKnownFileType = file.storyboard; name = Base; path = Base.lproj/Main.storyboard; sourceTree = "<group>"; };
		DB151E0A1BD22C7B0046CB53 /* HSE_BI_Faculty.xcdatamodel */ = {isa = PBXFileReference; lastKnownFileType = wrapper.xcdatamodel; path = HSE_BI_Faculty.xcdatamodel; sourceTree = "<group>"; };
		DB151E0C1BD22C7B0046CB53 /* Assets.xcassets */ = {isa = PBXFileReference; lastKnownFileType = folder.assetcatalog; path = Assets.xcassets; sourceTree = "<group>"; };
		DB151E0F1BD22C7B0046CB53 /* Base */ = {isa = PBXFileReference; lastKnownFileType = file.storyboard; name = Base; path = Base.lproj/LaunchScreen.storyboard; sourceTree = "<group>"; };
		DB151E111BD22C7B0046CB53 /* Info.plist */ = {isa = PBXFileReference; lastKnownFileType = text.plist.xml; path = Info.plist; sourceTree = "<group>"; };
/* End PBXFileReference section */

/* Begin PBXFrameworksBuildPhase section */
		DB151DFC1BD22C7B0046CB53 /* Frameworks */ = {
			isa = PBXFrameworksBuildPhase;
			buildActionMask = 2147483647;
			files = (
			);
			runOnlyForDeploymentPostprocessing = 0;
		};
/* End PBXFrameworksBuildPhase section */

/* Begin PBXGroup section */
		DB151DF61BD22C7B0046CB53 = {
			isa = PBXGroup;
			children = (
				DB151E011BD22C7B0046CB53 /* HSE BI Faculty */,
				DB151E001BD22C7B0046CB53 /* Products */,
			);
			sourceTree = "<group>";
		};
		DB151E001BD22C7B0046CB53 /* Products */ = {
			isa = PBXGroup;
			children = (
				DB151DFF1BD22C7B0046CB53 /* HSE BI Faculty.app */,
			);
			name = Products;
			sourceTree = "<group>";
		};
		DB151E011BD22C7B0046CB53 /* HSE BI Faculty */ = {
			isa = PBXGroup;
			children = (
				DB151E021BD22C7B0046CB53 /* AppDelegate.swift */,
				DB151E041BD22C7B0046CB53 /* ViewController.swift */,
				DB151E061BD22C7B0046CB53 /* Main.storyboard */,
				DB151E0C1BD22C7B0046CB53 /* Assets.xcassets */,
				DB151E0E1BD22C7B0046CB53 /* LaunchScreen.storyboard */,
				DB151E111BD22C7B0046CB53 /* Info.plist */,
				DB151E091BD22C7B0046CB53 /* HSE_BI_Faculty.xcdatamodeld */,
			);
			path = "HSE BI Faculty";
			sourceTree = "<group>";
		};
/* End PBXGroup section */

/* Begin PBXNativeTarget section */
		DB151DFE1BD22C7B0046CB53 /* HSE BI Faculty */ = {
			isa = PBXNativeTarget;
			buildConfigurationList = DB151E141BD22C7B0046CB53 /* Build configuration list for PBXNativeTarget "HSE BI Faculty" */;
			buildPhases = (
				DB151DFB1BD22C7B0046CB53 /* Sources */,
				DB151DFC1BD22C7B0046CB53 /* Frameworks */,
				DB151DFD1BD22C7B0046CB53 /* Resources */,
			);
			buildRules = (
			);
			dependencies = (
			);
			name = "HSE BI Faculty";
			productName = "HSE BI Faculty";
			productReference = DB151DFF1BD22C7B0046CB53 /* HSE BI Faculty.app */;
			productType = "com.apple.product-type.application";
		};
/* End PBXNativeTarget section */

/* Begin PBXProject section */
		DB151DF71BD22C7B0046CB53 /* Project object */ = {
			isa = PBXProject;
			attributes = {
				LastUpgradeCheck = 0700;
				ORGANIZATIONNAME = Styleru;
				TargetAttributes = {
					DB151DFE1BD22C7B0046CB53 = {
						CreatedOnToolsVersion = 7.0.1;
					};
				};
			};
			buildConfigurationList = DB151DFA1BD22C7B0046CB53 /* Build configuration list for PBXProject "HSE BI Faculty" */;
			compatibilityVersion = "Xcode 3.2";
			developmentRegion = English;
			hasScannedForEncodings = 0;
			knownRegions = (
				en,
				Base,
			);
			mainGroup = DB151DF61BD22C7B0046CB53;
			productRefGroup = DB151E001BD22C7B0046CB53 /* Products */;
			projectDirPath = "";
			projectRoot = "";
			targets = (
				DB151DFE1BD22C7B0046CB53 /* HSE BI Faculty */,
			);
		};
/* End PBXProject section */

/* Begin PBXResourcesBuildPhase section */
		DB151DFD1BD22C7B0046CB53 /* Resources */ = {
			isa = PBXResourcesBuildPhase;
			buildActionMask = 2147483647;
			files = (
				DB151E101BD22C7B0046CB53 /* LaunchScreen.storyboard in Resources */,
				DB151E0D1BD22C7B0046CB53 /* Assets.xcassets in Resources */,
				DB151E081BD22C7B0046CB53 /* Main.storyboard in Resources */,
			);
			runOnlyForDeploymentPostprocessing = 0;
		};
/* End PBXResourcesBuildPhase section */

/* Begin PBXSourcesBuildPhase section */
		DB151DFB1BD22C7B0046CB53 /* Sources */ = {
			isa = PBXSourcesBuildPhase;
			buildActionMask = 2147483647;
			files = (
				DB151E0B1BD22C7B0046CB53 /* HSE_BI_Faculty.xcdatamodeld in Sources */,
				DB151E051BD22C7B0046CB53 /* ViewController.swift in Sources */,
				DB151E031BD22C7B0046CB53 /* AppDelegate.swift in Sources */,
			);
			runOnlyForDeploymentPostprocessing = 0;
		};
/* End PBXSourcesBuildPhase section */

/* Begin PBXVariantGroup section */
		DB151E061BD22C7B0046CB53 /* Main.storyboard */ = {
			isa = PBXVariantGroup;
			children = (
				DB151E071BD22C7B0046CB53 /* Base */,
			);
			name = Main.storyboard;
			sourceTree = "<group>";
		};
		DB151E0E1BD22C7B0046CB53 /* LaunchScreen.storyboard */ = {
			isa = PBXVariantGroup;
			children = (
				DB151E0F1BD22C7B0046CB53 /* Base */,
			);
			name = LaunchScreen.storyboard;
			sourceTree = "<group>";
		};
/* End PBXVariantGroup section */

/* Begin XCBuildConfiguration section */
		DB151E121BD22C7B0046CB53 /* Debug */ = {
			isa = XCBuildConfiguration;
			buildSettings = {
				ALWAYS_SEARCH_USER_PATHS = NO;
				CLANG_CXX_LANGUAGE_STANDARD = "gnu++0x";
				CLANG_CXX_LIBRARY = "libc++";
				CLANG_ENABLE_MODULES = YES;
				CLANG_ENABLE_OBJC_ARC = YES;
				CLANG_WARN_BOOL_CONVERSION = YES;
				CLANG_WARN_CONSTANT_CONVERSION = YES;
				CLANG_WARN_DIRECT_OBJC_ISA_USAGE = YES_ERROR;
				CLANG_WARN_EMPTY_BODY = YES;
				CLANG_WARN_ENUM_CONVERSION = YES;
				CLANG_WARN_INT_CONVERSION = YES;
				CLANG_WARN_OBJC_ROOT_CLASS = YES_ERROR;
				CLANG_WARN_UNREACHABLE_CODE = YES;
				CLANG_WARN__DUPLICATE_METHOD_MATCH = YES;
				"CODE_SIGN_IDENTITY[sdk=iphoneos*]" = "iPhone Developer";
				COPY_PHASE_STRIP = NO;
				DEBUG_INFORMATION_FORMAT = dwarf;
				ENABLE_STRICT_OBJC_MSGSEND = YES;
				ENABLE_TESTABILITY = YES;
				GCC_C_LANGUAGE_STANDARD = gnu99;
				GCC_DYNAMIC_NO_PIC = NO;
				GCC_NO_COMMON_BLOCKS = YES;
				GCC_OPTIMIZATION_LEVEL = 0;
				GCC_PREPROCESSOR_DEFINITIONS = (
					"DEBUG=1",
					"$(inherited)",
				);
				GCC_WARN_64_TO_32_BIT_CONVERSION = YES;
				GCC_WARN_ABOUT_RETURN_TYPE = YES_ERROR;
				GCC_WARN_UNDECLARED_SELECTOR = YES;
				GCC_WARN_UNINITIALIZED_AUTOS = YES_AGGRESSIVE;
				GCC_WARN_UNUSED_FUNCTION = YES;
				GCC_WARN_UNUSED_VARIABLE = YES;
				IPHONEOS_DEPLOYMENT_TARGET = 9.0;
				MTL_ENABLE_DEBUG_INFO = YES;
				ONLY_ACTIVE_ARCH = YES;
				SDKROOT = iphoneos;
				SWIFT_OPTIMIZATION_LEVEL = "-Onone";
				TARGETED_DEVICE_FAMILY = "1,2";
			};
			name = Debug;
		};
		DB151E131BD22C7B0046CB53 /* Release */ = {
			isa = XCBuildConfiguration;
			buildSettings = {
				ALWAYS_SEARCH_USER_PATHS = NO;
				CLANG_CXX_LANGUAGE_STANDARD = "gnu++0x";
				CLANG_CXX_LIBRARY = "libc++";
				CLANG_ENABLE_MODULES = YES;
				CLANG_ENABLE_OBJC_ARC = YES;
				CLANG_WARN_BOOL_CONVERSION = YES;
				CLANG_WARN_CONSTANT_CONVERSION = YES;
				CLANG_WARN_DIRECT_OBJC_ISA_USAGE = YES_ERROR;
				CLANG_WARN_EMPTY_BODY = YES;
				CLANG_WARN_ENUM_CONVERSION = YES;
				CLANG_WARN_INT_CONVERSION = YES;
				CLANG_WARN_OBJC_ROOT_CLASS = YES_ERROR;
				CLANG_WARN_UNREACHABLE_CODE = YES;
				CLANG_WARN__DUPLICATE_METHOD_MATCH = YES;
				"CODE_SIGN_IDENTITY[sdk=iphoneos*]" = "iPhone Developer";
				COPY_PHASE_STRIP = NO;
				DEBUG_INFORMATION_FORMAT = "dwarf-with-dsym";
				ENABLE_NS_ASSERTIONS = NO;
				ENABLE_STRICT_OBJC_MSGSEND = YES;
				GCC_C_LANGUAGE_STANDARD = gnu99;
				GCC_NO_COMMON_BLOCKS = YES;
				GCC_WARN_64_TO_32_BIT_CONVERSION = YES;
				GCC_WARN_ABOUT_RETURN_TYPE = YES_ERROR;
				GCC_WARN_UNDECLARED_SELECTOR = YES;
				GCC_WARN_UNINITIALIZED_AUTOS = YES_AGGRESSIVE;
				GCC_WARN_UNUSED_FUNCTION = YES;
				GCC_WARN_UNUSED_VARIABLE = YES;
				IPHONEOS_DEPLOYMENT_TARGET = 9.0;
				MTL_ENABLE_DEBUG_INFO = NO;
				SDKROOT = iphoneos;
				TARGETED_DEVICE_FAMILY = "1,2";
				VALIDATE_PRODUCT = YES;
			};
			name = Release;
		};
		DB151E151BD22C7B0046CB53 /* Debug */ = {
			isa = XCBuildConfiguration;
			buildSettings = {
				ASSETCATALOG_COMPILER_APPICON_NAME = AppIcon;
				INFOPLIST_FILE = "HSE BI Faculty/Info.plist";
				LD_RUNPATH_SEARCH_PATHS = "$(inherited) @executable_path/Frameworks";
				PRODUCT_BUNDLE_IDENTIFIER = "com.reutskiy.HSE-BI-Faculty";
				PRODUCT_NAME = "$(TARGET_NAME)";
			};
			name = Debug;
		};
		DB151E161BD22C7B0046CB53 /* Release */ = {
			isa = XCBuildConfiguration;
			buildSettings = {
				ASSETCATALOG_COMPILER_APPICON_NAME = AppIcon;
				INFOPLIST_FILE = "HSE BI Faculty/Info.plist";
				LD_RUNPATH_SEARCH_PATHS = "$(inherited) @executable_path/Frameworks";
				PRODUCT_BUNDLE_IDENTIFIER = "com.reutskiy.HSE-BI-Faculty";
				PRODUCT_NAME = "$(TARGET_NAME)";
			};
			name = Release;
		};
/* End XCBuildConfiguration section */

/* Begin XCConfigurationList section */
		DB151DFA1BD22C7B0046CB53 /* Build configuration list for PBXProject "HSE BI Faculty" */ = {
			isa = XCConfigurationList;
			buildConfigurations = (
				DB151E121BD22C7B0046CB53 /* Debug */,
				DB151E131BD22C7B0046CB53 /* Release */,
			);
			defaultConfigurationIsVisible = 0;
			defaultConfigurationName = Release;
		};
		DB151E141BD22C7B0046CB53 /* Build configuration list for PBXNativeTarget "HSE BI Faculty" */ = {
			isa = XCConfigurationList;
			buildConfigurations = (
				DB151E151BD22C7B0046CB53 /* Debug */,
				DB151E161BD22C7B0046CB53 /* Release */,
			);
			defaultConfigurationIsVisible = 0;
		};
/* End XCConfigurationList section */

/* Begin XCVersionGroup section */
		DB151E091BD22C7B0046CB53 /* HSE_BI_Faculty.xcdatamodeld */ = {
			isa = XCVersionGroup;
			children = (
				DB151E0A1BD22C7B0046CB53 /* HSE_BI_Faculty.xcdatamodel */,
			);
			currentVersion = DB151E0A1BD22C7B0046CB53 /* HSE_BI_Faculty.xcdatamodel */;
			path = HSE_BI_Faculty.xcdatamodeld;
			sourceTree = "<group>";
			versionGroupType = wrapper.xcdatamodel;
		};
/* End XCVersionGroup section */
	};
	rootObject = DB151DF71BD22C7B0046CB53 /* Project object */;
}
